// !$*UTF8*$!
{
	archiveVersion = 1;
	classes = {
	};
	objectVersion = 56;
	objects = {

/* Begin PBXBuildFile section */
		2E04674E2C3F071A00BCE025 /* HeaderView.swift in Sources */ = {isa = PBXBuildFile; fileRef = 2E04674D2C3F071A00BCE025 /* HeaderView.swift */; };
		2E0467502C3F11CD00BCE025 /* BigButtonView.swift in Sources */ = {isa = PBXBuildFile; fileRef = 2E04674F2C3F11CD00BCE025 /* BigButtonView.swift */; };
		2E9018622C44116B0049AECB /* Extensions.swift in Sources */ = {isa = PBXBuildFile; fileRef = 2E9018612C44116B0049AECB /* Extensions.swift */; };
		2E9AEA7A2C3D49C60038F6A7 /* FirebaseAnalytics in Frameworks */ = {isa = PBXBuildFile; productRef = 2E9AEA792C3D49C60038F6A7 /* FirebaseAnalytics */; };
		2E9AEA7C2C3D49C60038F6A7 /* FirebaseAnalyticsOnDeviceConversion in Frameworks */ = {isa = PBXBuildFile; productRef = 2E9AEA7B2C3D49C60038F6A7 /* FirebaseAnalyticsOnDeviceConversion */; };
		2E9AEA7E2C3D49C60038F6A7 /* FirebaseAnalyticsSwift in Frameworks */ = {isa = PBXBuildFile; productRef = 2E9AEA7D2C3D49C60038F6A7 /* FirebaseAnalyticsSwift */; };
		2E9AEA802C3D49C60038F6A7 /* FirebaseAnalyticsWithoutAdIdSupport in Frameworks */ = {isa = PBXBuildFile; productRef = 2E9AEA7F2C3D49C60038F6A7 /* FirebaseAnalyticsWithoutAdIdSupport */; };
		2E9AEA822C3D49C60038F6A7 /* FirebaseAppCheck in Frameworks */ = {isa = PBXBuildFile; productRef = 2E9AEA812C3D49C60038F6A7 /* FirebaseAppCheck */; };
		2E9AEA842C3D49C60038F6A7 /* FirebaseAppDistribution-Beta in Frameworks */ = {isa = PBXBuildFile; productRef = 2E9AEA832C3D49C60038F6A7 /* FirebaseAppDistribution-Beta */; };
		2E9AEA862C3D49C60038F6A7 /* FirebaseAuth in Frameworks */ = {isa = PBXBuildFile; productRef = 2E9AEA852C3D49C60038F6A7 /* FirebaseAuth */; };
		2E9AEA882C3D49C60038F6A7 /* FirebaseAuthCombine-Community in Frameworks */ = {isa = PBXBuildFile; productRef = 2E9AEA872C3D49C60038F6A7 /* FirebaseAuthCombine-Community */; };
		2E9AEA8A2C3D49C60038F6A7 /* FirebaseCrashlytics in Frameworks */ = {isa = PBXBuildFile; productRef = 2E9AEA892C3D49C60038F6A7 /* FirebaseCrashlytics */; };
		2E9AEA8C2C3D49C60038F6A7 /* FirebaseDatabase in Frameworks */ = {isa = PBXBuildFile; productRef = 2E9AEA8B2C3D49C60038F6A7 /* FirebaseDatabase */; };
		2E9AEA8E2C3D49C60038F6A7 /* FirebaseDatabaseSwift in Frameworks */ = {isa = PBXBuildFile; productRef = 2E9AEA8D2C3D49C60038F6A7 /* FirebaseDatabaseSwift */; };
		2E9AEA902C3D49C60038F6A7 /* FirebaseDynamicLinks in Frameworks */ = {isa = PBXBuildFile; productRef = 2E9AEA8F2C3D49C60038F6A7 /* FirebaseDynamicLinks */; };
		2E9AEA922C3D49C60038F6A7 /* FirebaseFirestore in Frameworks */ = {isa = PBXBuildFile; productRef = 2E9AEA912C3D49C60038F6A7 /* FirebaseFirestore */; };
		2E9AEA942C3D49C60038F6A7 /* FirebaseFirestoreCombine-Community in Frameworks */ = {isa = PBXBuildFile; productRef = 2E9AEA932C3D49C60038F6A7 /* FirebaseFirestoreCombine-Community */; };
		2E9AEA962C3D49C60038F6A7 /* FirebaseFirestoreSwift in Frameworks */ = {isa = PBXBuildFile; productRef = 2E9AEA952C3D49C60038F6A7 /* FirebaseFirestoreSwift */; };
		2E9AEA982C3D49C60038F6A7 /* FirebaseFunctions in Frameworks */ = {isa = PBXBuildFile; productRef = 2E9AEA972C3D49C60038F6A7 /* FirebaseFunctions */; };
		2E9AEA9A2C3D49C60038F6A7 /* FirebaseFunctionsCombine-Community in Frameworks */ = {isa = PBXBuildFile; productRef = 2E9AEA992C3D49C60038F6A7 /* FirebaseFunctionsCombine-Community */; };
		2E9AEA9C2C3D49C60038F6A7 /* FirebaseInAppMessaging-Beta in Frameworks */ = {isa = PBXBuildFile; productRef = 2E9AEA9B2C3D49C60038F6A7 /* FirebaseInAppMessaging-Beta */; };
		2E9AEA9E2C3D49C60038F6A7 /* FirebaseInAppMessagingSwift-Beta in Frameworks */ = {isa = PBXBuildFile; productRef = 2E9AEA9D2C3D49C60038F6A7 /* FirebaseInAppMessagingSwift-Beta */; };
		2E9AEAA02C3D49C60038F6A7 /* FirebaseInstallations in Frameworks */ = {isa = PBXBuildFile; productRef = 2E9AEA9F2C3D49C60038F6A7 /* FirebaseInstallations */; };
		2E9AEAA22C3D49C60038F6A7 /* FirebaseMessaging in Frameworks */ = {isa = PBXBuildFile; productRef = 2E9AEAA12C3D49C60038F6A7 /* FirebaseMessaging */; };
		2E9AEAA42C3D49C60038F6A7 /* FirebaseMLModelDownloader in Frameworks */ = {isa = PBXBuildFile; productRef = 2E9AEAA32C3D49C60038F6A7 /* FirebaseMLModelDownloader */; };
		2E9AEAA62C3D49C60038F6A7 /* FirebasePerformance in Frameworks */ = {isa = PBXBuildFile; productRef = 2E9AEAA52C3D49C60038F6A7 /* FirebasePerformance */; };
		2E9AEAA82C3D49C60038F6A7 /* FirebaseRemoteConfig in Frameworks */ = {isa = PBXBuildFile; productRef = 2E9AEAA72C3D49C60038F6A7 /* FirebaseRemoteConfig */; };
		2E9AEAAA2C3D49C60038F6A7 /* FirebaseRemoteConfigSwift in Frameworks */ = {isa = PBXBuildFile; productRef = 2E9AEAA92C3D49C60038F6A7 /* FirebaseRemoteConfigSwift */; };
		2E9AEAAC2C3D49C60038F6A7 /* FirebaseStorage in Frameworks */ = {isa = PBXBuildFile; productRef = 2E9AEAAB2C3D49C60038F6A7 /* FirebaseStorage */; };
		2E9AEAAE2C3D49C60038F6A7 /* FirebaseStorageCombine-Community in Frameworks */ = {isa = PBXBuildFile; productRef = 2E9AEAAD2C3D49C60038F6A7 /* FirebaseStorageCombine-Community */; };
		2E9AEAB02C3D49C60038F6A7 /* FirebaseVertexAI-Preview in Frameworks */ = {isa = PBXBuildFile; productRef = 2E9AEAAF2C3D49C60038F6A7 /* FirebaseVertexAI-Preview */; };
		2EC2755D2C3C550300076865 /* SwiftUIToDoAppApp.swift in Sources */ = {isa = PBXBuildFile; fileRef = 2EC2755C2C3C550300076865 /* SwiftUIToDoAppApp.swift */; };
		2EC2755F2C3C550300076865 /* MainView.swift in Sources */ = {isa = PBXBuildFile; fileRef = 2EC2755E2C3C550300076865 /* MainView.swift */; };
		2EC275612C3C550500076865 /* Assets.xcassets in Resources */ = {isa = PBXBuildFile; fileRef = 2EC275602C3C550500076865 /* Assets.xcassets */; };
		2EC275642C3C550500076865 /* Preview Assets.xcassets in Resources */ = {isa = PBXBuildFile; fileRef = 2EC275632C3C550500076865 /* Preview Assets.xcassets */; };
		2EC2756C2C3C55C500076865 /* GoogleService-Info.plist in Resources */ = {isa = PBXBuildFile; fileRef = 2EC2756B2C3C55C500076865 /* GoogleService-Info.plist */; };
		2EE1CA6A2C3C63D5003438D6 /* ProfileView.swift in Sources */ = {isa = PBXBuildFile; fileRef = 2EE1CA692C3C63D5003438D6 /* ProfileView.swift */; };
		2EE1CA6C2C3C63E5003438D6 /* NewItemView.swift in Sources */ = {isa = PBXBuildFile; fileRef = 2EE1CA6B2C3C63E5003438D6 /* NewItemView.swift */; };
		2EE1CA6E2C3C63F3003438D6 /* LoginView.swift in Sources */ = {isa = PBXBuildFile; fileRef = 2EE1CA6D2C3C63F3003438D6 /* LoginView.swift */; };
		2EE1CA702C3C6401003438D6 /* RegisterView.swift in Sources */ = {isa = PBXBuildFile; fileRef = 2EE1CA6F2C3C6401003438D6 /* RegisterView.swift */; };
		2EE1CA722C3C641E003438D6 /* ToDoListView.swift in Sources */ = {isa = PBXBuildFile; fileRef = 2EE1CA712C3C641E003438D6 /* ToDoListView.swift */; };
		2EE1CA742C3C6431003438D6 /* ToDoListItemView.swift in Sources */ = {isa = PBXBuildFile; fileRef = 2EE1CA732C3C6431003438D6 /* ToDoListItemView.swift */; };
		2EE1CA762C3C6471003438D6 /* User.swift in Sources */ = {isa = PBXBuildFile; fileRef = 2EE1CA752C3C6471003438D6 /* User.swift */; };
		2EE1CA782C3C6481003438D6 /* ToDoListItem.swift in Sources */ = {isa = PBXBuildFile; fileRef = 2EE1CA772C3C6481003438D6 /* ToDoListItem.swift */; };
		2EE1CA882C3C6581003438D6 /* MainViewViewModel.swift in Sources */ = {isa = PBXBuildFile; fileRef = 2EE1CA872C3C6581003438D6 /* MainViewViewModel.swift */; };
		2EE1CA8A2C3C658E003438D6 /* ProfileViewViewModel.swift in Sources */ = {isa = PBXBuildFile; fileRef = 2EE1CA892C3C658E003438D6 /* ProfileViewViewModel.swift */; };
		2EE1CA8C2C3C65A2003438D6 /* NewItemViewViewModel.swift in Sources */ = {isa = PBXBuildFile; fileRef = 2EE1CA8B2C3C65A2003438D6 /* NewItemViewViewModel.swift */; };
		2EE1CA8E2C3C65B5003438D6 /* LoginViewViewModel.swift in Sources */ = {isa = PBXBuildFile; fileRef = 2EE1CA8D2C3C65B5003438D6 /* LoginViewViewModel.swift */; };
		2EE1CA902C3C65D9003438D6 /* RegisterViewViewModel.swift in Sources */ = {isa = PBXBuildFile; fileRef = 2EE1CA8F2C3C65D9003438D6 /* RegisterViewViewModel.swift */; };
		2EE1CA922C3C65ED003438D6 /* ToDoListViewViewModel.swift in Sources */ = {isa = PBXBuildFile; fileRef = 2EE1CA912C3C65ED003438D6 /* ToDoListViewViewModel.swift */; };
		2EE1CA942C3C6604003438D6 /* ToDoListItemViewViewModel.swift in Sources */ = {isa = PBXBuildFile; fileRef = 2EE1CA932C3C6604003438D6 /* ToDoListItemViewViewModel.swift */; };
/* End PBXBuildFile section */

/* Begin PBXFileReference section */
		2E04674D2C3F071A00BCE025 /* HeaderView.swift */ = {isa = PBXFileReference; lastKnownFileType = sourcecode.swift; path = HeaderView.swift; sourceTree = "<group>"; };
		2E04674F2C3F11CD00BCE025 /* BigButtonView.swift */ = {isa = PBXFileReference; lastKnownFileType = sourcecode.swift; path = BigButtonView.swift; sourceTree = "<group>"; };
		2E9018612C44116B0049AECB /* Extensions.swift */ = {isa = PBXFileReference; lastKnownFileType = sourcecode.swift; path = Extensions.swift; sourceTree = "<group>"; };
		2EC275592C3C550300076865 /* SwiftUIToDoApp.app */ = {isa = PBXFileReference; explicitFileType = wrapper.application; includeInIndex = 0; path = SwiftUIToDoApp.app; sourceTree = BUILT_PRODUCTS_DIR; };
		2EC2755C2C3C550300076865 /* SwiftUIToDoAppApp.swift */ = {isa = PBXFileReference; lastKnownFileType = sourcecode.swift; path = SwiftUIToDoAppApp.swift; sourceTree = "<group>"; };
		2EC2755E2C3C550300076865 /* MainView.swift */ = {isa = PBXFileReference; lastKnownFileType = sourcecode.swift; path = MainView.swift; sourceTree = "<group>"; };
		2EC275602C3C550500076865 /* Assets.xcassets */ = {isa = PBXFileReference; lastKnownFileType = folder.assetcatalog; path = Assets.xcassets; sourceTree = "<group>"; };
		2EC275632C3C550500076865 /* Preview Assets.xcassets */ = {isa = PBXFileReference; lastKnownFileType = folder.assetcatalog; path = "Preview Assets.xcassets"; sourceTree = "<group>"; };
		2EC2756B2C3C55C500076865 /* GoogleService-Info.plist */ = {isa = PBXFileReference; fileEncoding = 4; lastKnownFileType = text.plist.xml; path = "GoogleService-Info.plist"; sourceTree = "<group>"; };
		2EE1CA692C3C63D5003438D6 /* ProfileView.swift */ = {isa = PBXFileReference; lastKnownFileType = sourcecode.swift; path = ProfileView.swift; sourceTree = "<group>"; };
		2EE1CA6B2C3C63E5003438D6 /* NewItemView.swift */ = {isa = PBXFileReference; lastKnownFileType = sourcecode.swift; path = NewItemView.swift; sourceTree = "<group>"; };
		2EE1CA6D2C3C63F3003438D6 /* LoginView.swift */ = {isa = PBXFileReference; lastKnownFileType = sourcecode.swift; path = LoginView.swift; sourceTree = "<group>"; };
		2EE1CA6F2C3C6401003438D6 /* RegisterView.swift */ = {isa = PBXFileReference; lastKnownFileType = sourcecode.swift; path = RegisterView.swift; sourceTree = "<group>"; };
		2EE1CA712C3C641E003438D6 /* ToDoListView.swift */ = {isa = PBXFileReference; lastKnownFileType = sourcecode.swift; path = ToDoListView.swift; sourceTree = "<group>"; };
		2EE1CA732C3C6431003438D6 /* ToDoListItemView.swift */ = {isa = PBXFileReference; lastKnownFileType = sourcecode.swift; path = ToDoListItemView.swift; sourceTree = "<group>"; };
		2EE1CA752C3C6471003438D6 /* User.swift */ = {isa = PBXFileReference; lastKnownFileType = sourcecode.swift; path = User.swift; sourceTree = "<group>"; };
		2EE1CA772C3C6481003438D6 /* ToDoListItem.swift */ = {isa = PBXFileReference; lastKnownFileType = sourcecode.swift; path = ToDoListItem.swift; sourceTree = "<group>"; };
		2EE1CA872C3C6581003438D6 /* MainViewViewModel.swift */ = {isa = PBXFileReference; lastKnownFileType = sourcecode.swift; path = MainViewViewModel.swift; sourceTree = "<group>"; };
		2EE1CA892C3C658E003438D6 /* ProfileViewViewModel.swift */ = {isa = PBXFileReference; lastKnownFileType = sourcecode.swift; path = ProfileViewViewModel.swift; sourceTree = "<group>"; };
		2EE1CA8B2C3C65A2003438D6 /* NewItemViewViewModel.swift */ = {isa = PBXFileReference; lastKnownFileType = sourcecode.swift; path = NewItemViewViewModel.swift; sourceTree = "<group>"; };
		2EE1CA8D2C3C65B5003438D6 /* LoginViewViewModel.swift */ = {isa = PBXFileReference; lastKnownFileType = sourcecode.swift; path = LoginViewViewModel.swift; sourceTree = "<group>"; };
		2EE1CA8F2C3C65D9003438D6 /* RegisterViewViewModel.swift */ = {isa = PBXFileReference; lastKnownFileType = sourcecode.swift; path = RegisterViewViewModel.swift; sourceTree = "<group>"; };
		2EE1CA912C3C65ED003438D6 /* ToDoListViewViewModel.swift */ = {isa = PBXFileReference; lastKnownFileType = sourcecode.swift; path = ToDoListViewViewModel.swift; sourceTree = "<group>"; };
		2EE1CA932C3C6604003438D6 /* ToDoListItemViewViewModel.swift */ = {isa = PBXFileReference; lastKnownFileType = sourcecode.swift; path = ToDoListItemViewViewModel.swift; sourceTree = "<group>"; };
/* End PBXFileReference section */

/* Begin PBXFrameworksBuildPhase section */
		2EC275562C3C550300076865 /* Frameworks */ = {
			isa = PBXFrameworksBuildPhase;
			buildActionMask = 2147483647;
			files = (
				2E9AEA8C2C3D49C60038F6A7 /* FirebaseDatabase in Frameworks */,
				2E9AEA9A2C3D49C60038F6A7 /* FirebaseFunctionsCombine-Community in Frameworks */,
				2E9AEA922C3D49C60038F6A7 /* FirebaseFirestore in Frameworks */,
				2E9AEA7E2C3D49C60038F6A7 /* FirebaseAnalyticsSwift in Frameworks */,
				2E9AEA7A2C3D49C60038F6A7 /* FirebaseAnalytics in Frameworks */,
				2E9AEA7C2C3D49C60038F6A7 /* FirebaseAnalyticsOnDeviceConversion in Frameworks */,
				2E9AEA962C3D49C60038F6A7 /* FirebaseFirestoreSwift in Frameworks */,
				2E9AEAA42C3D49C60038F6A7 /* FirebaseMLModelDownloader in Frameworks */,
				2E9AEA822C3D49C60038F6A7 /* FirebaseAppCheck in Frameworks */,
				2E9AEA802C3D49C60038F6A7 /* FirebaseAnalyticsWithoutAdIdSupport in Frameworks */,
				2E9AEAA22C3D49C60038F6A7 /* FirebaseMessaging in Frameworks */,
				2E9AEA862C3D49C60038F6A7 /* FirebaseAuth in Frameworks */,
				2E9AEAAA2C3D49C60038F6A7 /* FirebaseRemoteConfigSwift in Frameworks */,
				2E9AEA8A2C3D49C60038F6A7 /* FirebaseCrashlytics in Frameworks */,
				2E9AEA9C2C3D49C60038F6A7 /* FirebaseInAppMessaging-Beta in Frameworks */,
				2E9AEA8E2C3D49C60038F6A7 /* FirebaseDatabaseSwift in Frameworks */,
				2E9AEAAE2C3D49C60038F6A7 /* FirebaseStorageCombine-Community in Frameworks */,
				2E9AEAA82C3D49C60038F6A7 /* FirebaseRemoteConfig in Frameworks */,
				2E9AEA982C3D49C60038F6A7 /* FirebaseFunctions in Frameworks */,
				2E9AEA842C3D49C60038F6A7 /* FirebaseAppDistribution-Beta in Frameworks */,
				2E9AEAA62C3D49C60038F6A7 /* FirebasePerformance in Frameworks */,
				2E9AEA882C3D49C60038F6A7 /* FirebaseAuthCombine-Community in Frameworks */,
				2E9AEAAC2C3D49C60038F6A7 /* FirebaseStorage in Frameworks */,
				2E9AEA9E2C3D49C60038F6A7 /* FirebaseInAppMessagingSwift-Beta in Frameworks */,
				2E9AEAB02C3D49C60038F6A7 /* FirebaseVertexAI-Preview in Frameworks */,
				2E9AEA902C3D49C60038F6A7 /* FirebaseDynamicLinks in Frameworks */,
				2E9AEA942C3D49C60038F6A7 /* FirebaseFirestoreCombine-Community in Frameworks */,
				2E9AEAA02C3D49C60038F6A7 /* FirebaseInstallations in Frameworks */,
			);
			runOnlyForDeploymentPostprocessing = 0;
		};
/* End PBXFrameworksBuildPhase section */

/* Begin PBXGroup section */
		2EC275502C3C550300076865 = {
			isa = PBXGroup;
			children = (
				2EC2755B2C3C550300076865 /* SwiftUIToDoApp */,
				2EC2755A2C3C550300076865 /* Products */,
				2EE1CA952C3C672A003438D6 /* Frameworks */,
			);
			sourceTree = "<group>";
		};
		2EC2755A2C3C550300076865 /* Products */ = {
			isa = PBXGroup;
			children = (
				2EC275592C3C550300076865 /* SwiftUIToDoApp.app */,
			);
			name = Products;
			sourceTree = "<group>";
		};
		2EC2755B2C3C550300076865 /* SwiftUIToDoApp */ = {
			isa = PBXGroup;
			children = (
				2EE1CA682C3C62CD003438D6 /* Others */,
				2EE1CA672C3C62C4003438D6 /* ViewModels */,
				2EE1CA662C3C62BC003438D6 /* Models */,
				2EE1CA652C3C62B0003438D6 /* Views */,
				2EC275622C3C550500076865 /* Preview Content */,
			);
			path = SwiftUIToDoApp;
			sourceTree = "<group>";
		};
		2EC275622C3C550500076865 /* Preview Content */ = {
			isa = PBXGroup;
			children = (
				2EC275632C3C550500076865 /* Preview Assets.xcassets */,
			);
			path = "Preview Content";
			sourceTree = "<group>";
		};
		2EE1CA652C3C62B0003438D6 /* Views */ = {
			isa = PBXGroup;
			children = (
				2EC2755E2C3C550300076865 /* MainView.swift */,
				2EE1CA692C3C63D5003438D6 /* ProfileView.swift */,
				2EE1CA6B2C3C63E5003438D6 /* NewItemView.swift */,
				2EE1CA6D2C3C63F3003438D6 /* LoginView.swift */,
				2EE1CA6F2C3C6401003438D6 /* RegisterView.swift */,
				2EE1CA712C3C641E003438D6 /* ToDoListView.swift */,
				2EE1CA732C3C6431003438D6 /* ToDoListItemView.swift */,
				2E04674D2C3F071A00BCE025 /* HeaderView.swift */,
				2E04674F2C3F11CD00BCE025 /* BigButtonView.swift */,
			);
			path = Views;
			sourceTree = "<group>";
		};
		2EE1CA662C3C62BC003438D6 /* Models */ = {
			isa = PBXGroup;
			children = (
				2EE1CA752C3C6471003438D6 /* User.swift */,
				2EE1CA772C3C6481003438D6 /* ToDoListItem.swift */,
			);
			path = Models;
			sourceTree = "<group>";
		};
		2EE1CA672C3C62C4003438D6 /* ViewModels */ = {
			isa = PBXGroup;
			children = (
				2EE1CA872C3C6581003438D6 /* MainViewViewModel.swift */,
				2EE1CA892C3C658E003438D6 /* ProfileViewViewModel.swift */,
				2EE1CA8B2C3C65A2003438D6 /* NewItemViewViewModel.swift */,
				2EE1CA8D2C3C65B5003438D6 /* LoginViewViewModel.swift */,
				2EE1CA8F2C3C65D9003438D6 /* RegisterViewViewModel.swift */,
				2EE1CA912C3C65ED003438D6 /* ToDoListViewViewModel.swift */,
				2EE1CA932C3C6604003438D6 /* ToDoListItemViewViewModel.swift */,
			);
			path = ViewModels;
			sourceTree = "<group>";
		};
		2EE1CA682C3C62CD003438D6 /* Others */ = {
			isa = PBXGroup;
			children = (
				2EC2755C2C3C550300076865 /* SwiftUIToDoAppApp.swift */,
				2EC275602C3C550500076865 /* Assets.xcassets */,
				2EC2756B2C3C55C500076865 /* GoogleService-Info.plist */,
				2E9018612C44116B0049AECB /* Extensions.swift */,
			);
			path = Others;
			sourceTree = "<group>";
		};
		2EE1CA952C3C672A003438D6 /* Frameworks */ = {
			isa = PBXGroup;
			children = (
			);
			name = Frameworks;
			sourceTree = "<group>";
		};
/* End PBXGroup section */

/* Begin PBXNativeTarget section */
		2EC275582C3C550300076865 /* SwiftUIToDoApp */ = {
			isa = PBXNativeTarget;
			buildConfigurationList = 2EC275672C3C550500076865 /* Build configuration list for PBXNativeTarget "SwiftUIToDoApp" */;
			buildPhases = (
				2EC275552C3C550300076865 /* Sources */,
				2EC275562C3C550300076865 /* Frameworks */,
				2EC275572C3C550300076865 /* Resources */,
			);
			buildRules = (
			);
			dependencies = (
			);
			name = SwiftUIToDoApp;
			packageProductDependencies = (
				2E9AEA792C3D49C60038F6A7 /* FirebaseAnalytics */,
				2E9AEA7B2C3D49C60038F6A7 /* FirebaseAnalyticsOnDeviceConversion */,
				2E9AEA7D2C3D49C60038F6A7 /* FirebaseAnalyticsSwift */,
				2E9AEA7F2C3D49C60038F6A7 /* FirebaseAnalyticsWithoutAdIdSupport */,
				2E9AEA812C3D49C60038F6A7 /* FirebaseAppCheck */,
				2E9AEA832C3D49C60038F6A7 /* FirebaseAppDistribution-Beta */,
				2E9AEA852C3D49C60038F6A7 /* FirebaseAuth */,
				2E9AEA872C3D49C60038F6A7 /* FirebaseAuthCombine-Community */,
				2E9AEA892C3D49C60038F6A7 /* FirebaseCrashlytics */,
				2E9AEA8B2C3D49C60038F6A7 /* FirebaseDatabase */,
				2E9AEA8D2C3D49C60038F6A7 /* FirebaseDatabaseSwift */,
				2E9AEA8F2C3D49C60038F6A7 /* FirebaseDynamicLinks */,
				2E9AEA912C3D49C60038F6A7 /* FirebaseFirestore */,
				2E9AEA932C3D49C60038F6A7 /* FirebaseFirestoreCombine-Community */,
				2E9AEA952C3D49C60038F6A7 /* FirebaseFirestoreSwift */,
				2E9AEA972C3D49C60038F6A7 /* FirebaseFunctions */,
				2E9AEA992C3D49C60038F6A7 /* FirebaseFunctionsCombine-Community */,
				2E9AEA9B2C3D49C60038F6A7 /* FirebaseInAppMessaging-Beta */,
				2E9AEA9D2C3D49C60038F6A7 /* FirebaseInAppMessagingSwift-Beta */,
				2E9AEA9F2C3D49C60038F6A7 /* FirebaseInstallations */,
				2E9AEAA12C3D49C60038F6A7 /* FirebaseMessaging */,
				2E9AEAA32C3D49C60038F6A7 /* FirebaseMLModelDownloader */,
				2E9AEAA52C3D49C60038F6A7 /* FirebasePerformance */,
				2E9AEAA72C3D49C60038F6A7 /* FirebaseRemoteConfig */,
				2E9AEAA92C3D49C60038F6A7 /* FirebaseRemoteConfigSwift */,
				2E9AEAAB2C3D49C60038F6A7 /* FirebaseStorage */,
				2E9AEAAD2C3D49C60038F6A7 /* FirebaseStorageCombine-Community */,
				2E9AEAAF2C3D49C60038F6A7 /* FirebaseVertexAI-Preview */,
			);
			productName = SwiftUIToDoApp;
			productReference = 2EC275592C3C550300076865 /* SwiftUIToDoApp.app */;
			productType = "com.apple.product-type.application";
		};
/* End PBXNativeTarget section */

/* Begin PBXProject section */
		2EC275512C3C550300076865 /* Project object */ = {
			isa = PBXProject;
			attributes = {
				BuildIndependentTargetsInParallel = 1;
				LastSwiftUpdateCheck = 1530;
				LastUpgradeCheck = 1530;
				TargetAttributes = {
					2EC275582C3C550300076865 = {
						CreatedOnToolsVersion = 15.3;
					};
				};
			};
			buildConfigurationList = 2EC275542C3C550300076865 /* Build configuration list for PBXProject "SwiftUIToDoApp" */;
			compatibilityVersion = "Xcode 14.0";
			developmentRegion = en;
			hasScannedForEncodings = 0;
			knownRegions = (
				en,
				Base,
			);
			mainGroup = 2EC275502C3C550300076865;
			packageReferences = (
				2EC2756A2C3C555A00076865 /* XCRemoteSwiftPackageReference "firebase-ios-sdk" */,
			);
			productRefGroup = 2EC2755A2C3C550300076865 /* Products */;
			projectDirPath = "";
			projectRoot = "";
			targets = (
				2EC275582C3C550300076865 /* SwiftUIToDoApp */,
			);
		};
/* End PBXProject section */

/* Begin PBXResourcesBuildPhase section */
		2EC275572C3C550300076865 /* Resources */ = {
			isa = PBXResourcesBuildPhase;
			buildActionMask = 2147483647;
			files = (
				2EC275642C3C550500076865 /* Preview Assets.xcassets in Resources */,
				2EC2756C2C3C55C500076865 /* GoogleService-Info.plist in Resources */,
				2EC275612C3C550500076865 /* Assets.xcassets in Resources */,
			);
			runOnlyForDeploymentPostprocessing = 0;
		};
/* End PBXResourcesBuildPhase section */

/* Begin PBXSourcesBuildPhase section */
		2EC275552C3C550300076865 /* Sources */ = {
			isa = PBXSourcesBuildPhase;
			buildActionMask = 2147483647;
			files = (
				2EE1CA6C2C3C63E5003438D6 /* NewItemView.swift in Sources */,
				2E04674E2C3F071A00BCE025 /* HeaderView.swift in Sources */,
				2EE1CA8E2C3C65B5003438D6 /* LoginViewViewModel.swift in Sources */,
				2E0467502C3F11CD00BCE025 /* BigButtonView.swift in Sources */,
				2EC2755F2C3C550300076865 /* MainView.swift in Sources */,
				2EE1CA882C3C6581003438D6 /* MainViewViewModel.swift in Sources */,
				2EE1CA8C2C3C65A2003438D6 /* NewItemViewViewModel.swift in Sources */,
				2EE1CA902C3C65D9003438D6 /* RegisterViewViewModel.swift in Sources */,
				2EE1CA6A2C3C63D5003438D6 /* ProfileView.swift in Sources */,
				2EE1CA702C3C6401003438D6 /* RegisterView.swift in Sources */,
				2EE1CA8A2C3C658E003438D6 /* ProfileViewViewModel.swift in Sources */,
				2EE1CA6E2C3C63F3003438D6 /* LoginView.swift in Sources */,
				2EE1CA762C3C6471003438D6 /* User.swift in Sources */,
				2EE1CA742C3C6431003438D6 /* ToDoListItemView.swift in Sources */,
				2EC2755D2C3C550300076865 /* SwiftUIToDoAppApp.swift in Sources */,
				2E9018622C44116B0049AECB /* Extensions.swift in Sources */,
				2EE1CA782C3C6481003438D6 /* ToDoListItem.swift in Sources */,
				2EE1CA722C3C641E003438D6 /* ToDoListView.swift in Sources */,
				2EE1CA922C3C65ED003438D6 /* ToDoListViewViewModel.swift in Sources */,
				2EE1CA942C3C6604003438D6 /* ToDoListItemViewViewModel.swift in Sources */,
			);
			runOnlyForDeploymentPostprocessing = 0;
		};
/* End PBXSourcesBuildPhase section */

/* Begin XCBuildConfiguration section */
		2EC275652C3C550500076865 /* Debug */ = {
			isa = XCBuildConfiguration;
			buildSettings = {
				ALWAYS_SEARCH_USER_PATHS = NO;
				ASSETCATALOG_COMPILER_GENERATE_SWIFT_ASSET_SYMBOL_EXTENSIONS = YES;
				CLANG_ANALYZER_NONNULL = YES;
				CLANG_ANALYZER_NUMBER_OBJECT_CONVERSION = YES_AGGRESSIVE;
				CLANG_CXX_LANGUAGE_STANDARD = "gnu++20";
				CLANG_ENABLE_MODULES = YES;
				CLANG_ENABLE_OBJC_ARC = YES;
				CLANG_ENABLE_OBJC_WEAK = YES;
				CLANG_WARN_BLOCK_CAPTURE_AUTORELEASING = YES;
				CLANG_WARN_BOOL_CONVERSION = YES;
				CLANG_WARN_COMMA = YES;
				CLANG_WARN_CONSTANT_CONVERSION = YES;
				CLANG_WARN_DEPRECATED_OBJC_IMPLEMENTATIONS = YES;
				CLANG_WARN_DIRECT_OBJC_ISA_USAGE = YES_ERROR;
				CLANG_WARN_DOCUMENTATION_COMMENTS = YES;
				CLANG_WARN_EMPTY_BODY = YES;
				CLANG_WARN_ENUM_CONVERSION = YES;
				CLANG_WARN_INFINITE_RECURSION = YES;
				CLANG_WARN_INT_CONVERSION = YES;
				CLANG_WARN_NON_LITERAL_NULL_CONVERSION = YES;
				CLANG_WARN_OBJC_IMPLICIT_RETAIN_SELF = YES;
				CLANG_WARN_OBJC_LITERAL_CONVERSION = YES;
				CLANG_WARN_OBJC_ROOT_CLASS = YES_ERROR;
				CLANG_WARN_QUOTED_INCLUDE_IN_FRAMEWORK_HEADER = YES;
				CLANG_WARN_RANGE_LOOP_ANALYSIS = YES;
				CLANG_WARN_STRICT_PROTOTYPES = YES;
				CLANG_WARN_SUSPICIOUS_MOVE = YES;
				CLANG_WARN_UNGUARDED_AVAILABILITY = YES_AGGRESSIVE;
				CLANG_WARN_UNREACHABLE_CODE = YES;
				CLANG_WARN__DUPLICATE_METHOD_MATCH = YES;
				COPY_PHASE_STRIP = NO;
				DEBUG_INFORMATION_FORMAT = dwarf;
				ENABLE_STRICT_OBJC_MSGSEND = YES;
				ENABLE_TESTABILITY = YES;
				ENABLE_USER_SCRIPT_SANDBOXING = YES;
				GCC_C_LANGUAGE_STANDARD = gnu17;
				GCC_DYNAMIC_NO_PIC = NO;
				GCC_NO_COMMON_BLOCKS = YES;
				GCC_OPTIMIZATION_LEVEL = 0;
				GCC_PREPROCESSOR_DEFINITIONS = (
					"DEBUG=1",
					"$(inherited)",
				);
				GCC_WARN_64_TO_32_BIT_CONVERSION = YES;
				GCC_WARN_ABOUT_RETURN_TYPE = YES_ERROR;
				GCC_WARN_UNDECLARED_SELECTOR = YES;
				GCC_WARN_UNINITIALIZED_AUTOS = YES_AGGRESSIVE;
				GCC_WARN_UNUSED_FUNCTION = YES;
				GCC_WARN_UNUSED_VARIABLE = YES;
				IPHONEOS_DEPLOYMENT_TARGET = 17.3;
				LOCALIZATION_PREFERS_STRING_CATALOGS = YES;
				MTL_ENABLE_DEBUG_INFO = INCLUDE_SOURCE;
				MTL_FAST_MATH = YES;
				ONLY_ACTIVE_ARCH = YES;
				SDKROOT = iphoneos;
				SWIFT_ACTIVE_COMPILATION_CONDITIONS = "DEBUG $(inherited)";
				SWIFT_OPTIMIZATION_LEVEL = "-Onone";
			};
			name = Debug;
		};
		2EC275662C3C550500076865 /* Release */ = {
			isa = XCBuildConfiguration;
			buildSettings = {
				ALWAYS_SEARCH_USER_PATHS = NO;
				ASSETCATALOG_COMPILER_GENERATE_SWIFT_ASSET_SYMBOL_EXTENSIONS = YES;
				CLANG_ANALYZER_NONNULL = YES;
				CLANG_ANALYZER_NUMBER_OBJECT_CONVERSION = YES_AGGRESSIVE;
				CLANG_CXX_LANGUAGE_STANDARD = "gnu++20";
				CLANG_ENABLE_MODULES = YES;
				CLANG_ENABLE_OBJC_ARC = YES;
				CLANG_ENABLE_OBJC_WEAK = YES;
				CLANG_WARN_BLOCK_CAPTURE_AUTORELEASING = YES;
				CLANG_WARN_BOOL_CONVERSION = YES;
				CLANG_WARN_COMMA = YES;
				CLANG_WARN_CONSTANT_CONVERSION = YES;
				CLANG_WARN_DEPRECATED_OBJC_IMPLEMENTATIONS = YES;
				CLANG_WARN_DIRECT_OBJC_ISA_USAGE = YES_ERROR;
				CLANG_WARN_DOCUMENTATION_COMMENTS = YES;
				CLANG_WARN_EMPTY_BODY = YES;
				CLANG_WARN_ENUM_CONVERSION = YES;
				CLANG_WARN_INFINITE_RECURSION = YES;
				CLANG_WARN_INT_CONVERSION = YES;
				CLANG_WARN_NON_LITERAL_NULL_CONVERSION = YES;
				CLANG_WARN_OBJC_IMPLICIT_RETAIN_SELF = YES;
				CLANG_WARN_OBJC_LITERAL_CONVERSION = YES;
				CLANG_WARN_OBJC_ROOT_CLASS = YES_ERROR;
				CLANG_WARN_QUOTED_INCLUDE_IN_FRAMEWORK_HEADER = YES;
				CLANG_WARN_RANGE_LOOP_ANALYSIS = YES;
				CLANG_WARN_STRICT_PROTOTYPES = YES;
				CLANG_WARN_SUSPICIOUS_MOVE = YES;
				CLANG_WARN_UNGUARDED_AVAILABILITY = YES_AGGRESSIVE;
				CLANG_WARN_UNREACHABLE_CODE = YES;
				CLANG_WARN__DUPLICATE_METHOD_MATCH = YES;
				COPY_PHASE_STRIP = NO;
				DEBUG_INFORMATION_FORMAT = "dwarf-with-dsym";
				ENABLE_NS_ASSERTIONS = NO;
				ENABLE_STRICT_OBJC_MSGSEND = YES;
				ENABLE_USER_SCRIPT_SANDBOXING = YES;
				GCC_C_LANGUAGE_STANDARD = gnu17;
				GCC_NO_COMMON_BLOCKS = YES;
				GCC_WARN_64_TO_32_BIT_CONVERSION = YES;
				GCC_WARN_ABOUT_RETURN_TYPE = YES_ERROR;
				GCC_WARN_UNDECLARED_SELECTOR = YES;
				GCC_WARN_UNINITIALIZED_AUTOS = YES_AGGRESSIVE;
				GCC_WARN_UNUSED_FUNCTION = YES;
				GCC_WARN_UNUSED_VARIABLE = YES;
				IPHONEOS_DEPLOYMENT_TARGET = 17.3;
				LOCALIZATION_PREFERS_STRING_CATALOGS = YES;
				MTL_ENABLE_DEBUG_INFO = NO;
				MTL_FAST_MATH = YES;
				SDKROOT = iphoneos;
				SWIFT_COMPILATION_MODE = wholemodule;
				VALIDATE_PRODUCT = YES;
			};
			name = Release;
		};
		2EC275682C3C550500076865 /* Debug */ = {
			isa = XCBuildConfiguration;
			buildSettings = {
				ASSETCATALOG_COMPILER_APPICON_NAME = AppIcon;
				ASSETCATALOG_COMPILER_GLOBAL_ACCENT_COLOR_NAME = AccentColor;
				CODE_SIGN_STYLE = Automatic;
				CURRENT_PROJECT_VERSION = 1;
				DEVELOPMENT_ASSET_PATHS = "\"SwiftUIToDoApp/Preview Content\"";
				DEVELOPMENT_TEAM = Q45W58MBTL;
				ENABLE_PREVIEWS = YES;
				GENERATE_INFOPLIST_FILE = YES;
				INFOPLIST_KEY_UIApplicationSceneManifest_Generation = YES;
				INFOPLIST_KEY_UIApplicationSupportsIndirectInputEvents = YES;
				INFOPLIST_KEY_UILaunchScreen_Generation = YES;
				INFOPLIST_KEY_UISupportedInterfaceOrientations = UIInterfaceOrientationPortrait;
				LD_RUNPATH_SEARCH_PATHS = (
					"$(inherited)",
					"@executable_path/Frameworks",
				);
				MARKETING_VERSION = 1.0;
				PRODUCT_BUNDLE_IDENTIFIER = info.SwiftUIToDoApp;
				PRODUCT_NAME = "$(TARGET_NAME)";
				SWIFT_EMIT_LOC_STRINGS = YES;
				SWIFT_VERSION = 5.0;
				TARGETED_DEVICE_FAMILY = "1,2";
			};
			name = Debug;
		};
		2EC275692C3C550500076865 /* Release */ = {
			isa = XCBuildConfiguration;
			buildSettings = {
				ASSETCATALOG_COMPILER_APPICON_NAME = AppIcon;
				ASSETCATALOG_COMPILER_GLOBAL_ACCENT_COLOR_NAME = AccentColor;
				CODE_SIGN_STYLE = Automatic;
				CURRENT_PROJECT_VERSION = 1;
				DEVELOPMENT_ASSET_PATHS = "\"SwiftUIToDoApp/Preview Content\"";
				DEVELOPMENT_TEAM = Q45W58MBTL;
				ENABLE_PREVIEWS = YES;
				GENERATE_INFOPLIST_FILE = YES;
				INFOPLIST_KEY_UIApplicationSceneManifest_Generation = YES;
				INFOPLIST_KEY_UIApplicationSupportsIndirectInputEvents = YES;
				INFOPLIST_KEY_UILaunchScreen_Generation = YES;
				INFOPLIST_KEY_UISupportedInterfaceOrientations = UIInterfaceOrientationPortrait;
				LD_RUNPATH_SEARCH_PATHS = (
					"$(inherited)",
					"@executable_path/Frameworks",
				);
				MARKETING_VERSION = 1.0;
				PRODUCT_BUNDLE_IDENTIFIER = info.SwiftUIToDoApp;
				PRODUCT_NAME = "$(TARGET_NAME)";
				SWIFT_EMIT_LOC_STRINGS = YES;
				SWIFT_VERSION = 5.0;
				TARGETED_DEVICE_FAMILY = "1,2";
			};
			name = Release;
		};
/* End XCBuildConfiguration section */

/* Begin XCConfigurationList section */
		2EC275542C3C550300076865 /* Build configuration list for PBXProject "SwiftUIToDoApp" */ = {
			isa = XCConfigurationList;
			buildConfigurations = (
				2EC275652C3C550500076865 /* Debug */,
				2EC275662C3C550500076865 /* Release */,
			);
			defaultConfigurationIsVisible = 0;
			defaultConfigurationName = Release;
		};
		2EC275672C3C550500076865 /* Build configuration list for PBXNativeTarget "SwiftUIToDoApp" */ = {
			isa = XCConfigurationList;
			buildConfigurations = (
				2EC275682C3C550500076865 /* Debug */,
				2EC275692C3C550500076865 /* Release */,
			);
			defaultConfigurationIsVisible = 0;
			defaultConfigurationName = Release;
		};
/* End XCConfigurationList section */

/* Begin XCRemoteSwiftPackageReference section */
		2EC2756A2C3C555A00076865 /* XCRemoteSwiftPackageReference "firebase-ios-sdk" */ = {
			isa = XCRemoteSwiftPackageReference;
			repositoryURL = "https://github.com/firebase/firebase-ios-sdk";
			requirement = {
				kind = upToNextMajorVersion;
				minimumVersion = 10.29.0;
			};
		};
/* End XCRemoteSwiftPackageReference section */

/* Begin XCSwiftPackageProductDependency section */
		2E9AEA792C3D49C60038F6A7 /* FirebaseAnalytics */ = {
			isa = XCSwiftPackageProductDependency;
			package = 2EC2756A2C3C555A00076865 /* XCRemoteSwiftPackageReference "firebase-ios-sdk" */;
			productName = FirebaseAnalytics;
		};
		2E9AEA7B2C3D49C60038F6A7 /* FirebaseAnalyticsOnDeviceConversion */ = {
			isa = XCSwiftPackageProductDependency;
			package = 2EC2756A2C3C555A00076865 /* XCRemoteSwiftPackageReference "firebase-ios-sdk" */;
			productName = FirebaseAnalyticsOnDeviceConversion;
		};
		2E9AEA7D2C3D49C60038F6A7 /* FirebaseAnalyticsSwift */ = {
			isa = XCSwiftPackageProductDependency;
			package = 2EC2756A2C3C555A00076865 /* XCRemoteSwiftPackageReference "firebase-ios-sdk" */;
			productName = FirebaseAnalyticsSwift;
		};
		2E9AEA7F2C3D49C60038F6A7 /* FirebaseAnalyticsWithoutAdIdSupport */ = {
			isa = XCSwiftPackageProductDependency;
			package = 2EC2756A2C3C555A00076865 /* XCRemoteSwiftPackageReference "firebase-ios-sdk" */;
			productName = FirebaseAnalyticsWithoutAdIdSupport;
		};
		2E9AEA812C3D49C60038F6A7 /* FirebaseAppCheck */ = {
			isa = XCSwiftPackageProductDependency;
			package = 2EC2756A2C3C555A00076865 /* XCRemoteSwiftPackageReference "firebase-ios-sdk" */;
			productName = FirebaseAppCheck;
		};
		2E9AEA832C3D49C60038F6A7 /* FirebaseAppDistribution-Beta */ = {
			isa = XCSwiftPackageProductDependency;
			package = 2EC2756A2C3C555A00076865 /* XCRemoteSwiftPackageReference "firebase-ios-sdk" */;
			productName = "FirebaseAppDistribution-Beta";
		};
		2E9AEA852C3D49C60038F6A7 /* FirebaseAuth */ = {
			isa = XCSwiftPackageProductDependency;
			package = 2EC2756A2C3C555A00076865 /* XCRemoteSwiftPackageReference "firebase-ios-sdk" */;
			productName = FirebaseAuth;
		};
		2E9AEA872C3D49C60038F6A7 /* FirebaseAuthCombine-Community */ = {
			isa = XCSwiftPackageProductDependency;
			package = 2EC2756A2C3C555A00076865 /* XCRemoteSwiftPackageReference "firebase-ios-sdk" */;
			productName = "FirebaseAuthCombine-Community";
		};
		2E9AEA892C3D49C60038F6A7 /* FirebaseCrashlytics */ = {
			isa = XCSwiftPackageProductDependency;
			package = 2EC2756A2C3C555A00076865 /* XCRemoteSwiftPackageReference "firebase-ios-sdk" */;
			productName = FirebaseCrashlytics;
		};
		2E9AEA8B2C3D49C60038F6A7 /* FirebaseDatabase */ = {
			isa = XCSwiftPackageProductDependency;
			package = 2EC2756A2C3C555A00076865 /* XCRemoteSwiftPackageReference "firebase-ios-sdk" */;
			productName = FirebaseDatabase;
		};
		2E9AEA8D2C3D49C60038F6A7 /* FirebaseDatabaseSwift */ = {
			isa = XCSwiftPackageProductDependency;
			package = 2EC2756A2C3C555A00076865 /* XCRemoteSwiftPackageReference "firebase-ios-sdk" */;
			productName = FirebaseDatabaseSwift;
		};
		2E9AEA8F2C3D49C60038F6A7 /* FirebaseDynamicLinks */ = {
			isa = XCSwiftPackageProductDependency;
			package = 2EC2756A2C3C555A00076865 /* XCRemoteSwiftPackageReference "firebase-ios-sdk" */;
			productName = FirebaseDynamicLinks;
		};
		2E9AEA912C3D49C60038F6A7 /* FirebaseFirestore */ = {
			isa = XCSwiftPackageProductDependency;
			package = 2EC2756A2C3C555A00076865 /* XCRemoteSwiftPackageReference "firebase-ios-sdk" */;
			productName = FirebaseFirestore;
		};
		2E9AEA932C3D49C60038F6A7 /* FirebaseFirestoreCombine-Community */ = {
			isa = XCSwiftPackageProductDependency;
			package = 2EC2756A2C3C555A00076865 /* XCRemoteSwiftPackageReference "firebase-ios-sdk" */;
			productName = "FirebaseFirestoreCombine-Community";
		};
		2E9AEA952C3D49C60038F6A7 /* FirebaseFirestoreSwift */ = {
			isa = XCSwiftPackageProductDependency;
			package = 2EC2756A2C3C555A00076865 /* XCRemoteSwiftPackageReference "firebase-ios-sdk" */;
			productName = FirebaseFirestoreSwift;
		};
		2E9AEA972C3D49C60038F6A7 /* FirebaseFunctions */ = {
			isa = XCSwiftPackageProductDependency;
			package = 2EC2756A2C3C555A00076865 /* XCRemoteSwiftPackageReference "firebase-ios-sdk" */;
			productName = FirebaseFunctions;
		};
		2E9AEA992C3D49C60038F6A7 /* FirebaseFunctionsCombine-Community */ = {
			isa = XCSwiftPackageProductDependency;
			package = 2EC2756A2C3C555A00076865 /* XCRemoteSwiftPackageReference "firebase-ios-sdk" */;
			productName = "FirebaseFunctionsCombine-Community";
		};
		2E9AEA9B2C3D49C60038F6A7 /* FirebaseInAppMessaging-Beta */ = {
			isa = XCSwiftPackageProductDependency;
			package = 2EC2756A2C3C555A00076865 /* XCRemoteSwiftPackageReference "firebase-ios-sdk" */;
			productName = "FirebaseInAppMessaging-Beta";
		};
		2E9AEA9D2C3D49C60038F6A7 /* FirebaseInAppMessagingSwift-Beta */ = {
			isa = XCSwiftPackageProductDependency;
			package = 2EC2756A2C3C555A00076865 /* XCRemoteSwiftPackageReference "firebase-ios-sdk" */;
			productName = "FirebaseInAppMessagingSwift-Beta";
		};
		2E9AEA9F2C3D49C60038F6A7 /* FirebaseInstallations */ = {
			isa = XCSwiftPackageProductDependency;
			package = 2EC2756A2C3C555A00076865 /* XCRemoteSwiftPackageReference "firebase-ios-sdk" */;
			productName = FirebaseInstallations;
		};
		2E9AEAA12C3D49C60038F6A7 /* FirebaseMessaging */ = {
			isa = XCSwiftPackageProductDependency;
			package = 2EC2756A2C3C555A00076865 /* XCRemoteSwiftPackageReference "firebase-ios-sdk" */;
			productName = FirebaseMessaging;
		};
		2E9AEAA32C3D49C60038F6A7 /* FirebaseMLModelDownloader */ = {
			isa = XCSwiftPackageProductDependency;
			package = 2EC2756A2C3C555A00076865 /* XCRemoteSwiftPackageReference "firebase-ios-sdk" */;
			productName = FirebaseMLModelDownloader;
		};
		2E9AEAA52C3D49C60038F6A7 /* FirebasePerformance */ = {
			isa = XCSwiftPackageProductDependency;
			package = 2EC2756A2C3C555A00076865 /* XCRemoteSwiftPackageReference "firebase-ios-sdk" */;
			productName = FirebasePerformance;
		};
		2E9AEAA72C3D49C60038F6A7 /* FirebaseRemoteConfig */ = {
			isa = XCSwiftPackageProductDependency;
			package = 2EC2756A2C3C555A00076865 /* XCRemoteSwiftPackageReference "firebase-ios-sdk" */;
			productName = FirebaseRemoteConfig;
		};
		2E9AEAA92C3D49C60038F6A7 /* FirebaseRemoteConfigSwift */ = {
			isa = XCSwiftPackageProductDependency;
			package = 2EC2756A2C3C555A00076865 /* XCRemoteSwiftPackageReference "firebase-ios-sdk" */;
			productName = FirebaseRemoteConfigSwift;
		};
		2E9AEAAB2C3D49C60038F6A7 /* FirebaseStorage */ = {
			isa = XCSwiftPackageProductDependency;
			package = 2EC2756A2C3C555A00076865 /* XCRemoteSwiftPackageReference "firebase-ios-sdk" */;
			productName = FirebaseStorage;
		};
		2E9AEAAD2C3D49C60038F6A7 /* FirebaseStorageCombine-Community */ = {
			isa = XCSwiftPackageProductDependency;
			package = 2EC2756A2C3C555A00076865 /* XCRemoteSwiftPackageReference "firebase-ios-sdk" */;
			productName = "FirebaseStorageCombine-Community";
		};
		2E9AEAAF2C3D49C60038F6A7 /* FirebaseVertexAI-Preview */ = {
			isa = XCSwiftPackageProductDependency;
			package = 2EC2756A2C3C555A00076865 /* XCRemoteSwiftPackageReference "firebase-ios-sdk" */;
			productName = "FirebaseVertexAI-Preview";
		};
/* End XCSwiftPackageProductDependency section */
	};
	rootObject = 2EC275512C3C550300076865 /* Project object */;
}
